// !$*UTF8*$!
{
	archiveVersion = 1;
	classes = {
	};
	objectVersion = 46;
	objects = {

/* Begin PBXBuildFile section */
		6922EA1918CE47D900971641 /* mask.png in Resources */ = {isa = PBXBuildFile; fileRef = 6922EA1818CE47D900971641 /* mask.png */; };
		6922EA1F18CE538600971641 /* Icon.icns in Resources */ = {isa = PBXBuildFile; fileRef = 6922EA1E18CE538600971641 /* Icon.icns */; };
		69E2DBBB18CFEC1D00C6AF0F /* frame.png in Resources */ = {isa = PBXBuildFile; fileRef = 69E2DBBA18CFEC1D00C6AF0F /* frame.png */; };
		69FE029F18CD367900608133 /* Cocoa.framework in Frameworks */ = {isa = PBXBuildFile; fileRef = 69FE029E18CD367900608133 /* Cocoa.framework */; };
		69FE02A918CD367900608133 /* InfoPlist.strings in Resources */ = {isa = PBXBuildFile; fileRef = 69FE02A718CD367900608133 /* InfoPlist.strings */; };
		69FE02AB18CD367900608133 /* main.m in Sources */ = {isa = PBXBuildFile; fileRef = 69FE02AA18CD367900608133 /* main.m */; };
		69FE02B218CD367900608133 /* AppDelegate.m in Sources */ = {isa = PBXBuildFile; fileRef = 69FE02B118CD367900608133 /* AppDelegate.m */; };
		69FE02B518CD367900608133 /* MainMenu.xib in Resources */ = {isa = PBXBuildFile; fileRef = 69FE02B318CD367900608133 /* MainMenu.xib */; };
		69FE02D418CD369900608133 /* View.m in Sources */ = {isa = PBXBuildFile; fileRef = 69FE02D318CD369900608133 /* View.m */; };
		69FE031A18CD3CD900608133 /* WindowController.m in Sources */ = {isa = PBXBuildFile; fileRef = 69FE031918CD3CD900608133 /* WindowController.m */; };
		69FE031C18CD3CEC00608133 /* Window.xib in Resources */ = {isa = PBXBuildFile; fileRef = 69FE031B18CD3CEC00608133 /* Window.xib */; };
		69FE031F18CD44D100608133 /* Util.m in Sources */ = {isa = PBXBuildFile; fileRef = 69FE031E18CD44D100608133 /* Util.m */; };
		69FE034318CD4BC000608133 /* Watcher.m in Sources */ = {isa = PBXBuildFile; fileRef = 69FE034218CD4BC000608133 /* Watcher.m */; };
		69FE034518CD4F4E00608133 /* CoreServices.framework in Frameworks */ = {isa = PBXBuildFile; fileRef = 69FE034418CD4F4E00608133 /* CoreServices.framework */; };
/* End PBXBuildFile section */

/* Begin PBXFileReference section */
		6922EA1818CE47D900971641 /* mask.png */ = {isa = PBXFileReference; lastKnownFileType = image.png; path = mask.png; sourceTree = "<group>"; };
		6922EA1E18CE538600971641 /* Icon.icns */ = {isa = PBXFileReference; lastKnownFileType = image.icns; path = Icon.icns; sourceTree = "<group>"; };
		69E2DBBA18CFEC1D00C6AF0F /* frame.png */ = {isa = PBXFileReference; lastKnownFileType = image.png; path = frame.png; sourceTree = "<group>"; };
		69FE029B18CD367900608133 /* Game Frame.app */ = {isa = PBXFileReference; explicitFileType = wrapper.application; includeInIndex = 0; path = "Game Frame.app"; sourceTree = BUILT_PRODUCTS_DIR; };
		69FE029E18CD367900608133 /* Cocoa.framework */ = {isa = PBXFileReference; lastKnownFileType = wrapper.framework; name = Cocoa.framework; path = System/Library/Frameworks/Cocoa.framework; sourceTree = SDKROOT; };
		69FE02A118CD367900608133 /* AppKit.framework */ = {isa = PBXFileReference; lastKnownFileType = wrapper.framework; name = AppKit.framework; path = System/Library/Frameworks/AppKit.framework; sourceTree = SDKROOT; };
		69FE02A218CD367900608133 /* CoreData.framework */ = {isa = PBXFileReference; lastKnownFileType = wrapper.framework; name = CoreData.framework; path = System/Library/Frameworks/CoreData.framework; sourceTree = SDKROOT; };
		69FE02A318CD367900608133 /* Foundation.framework */ = {isa = PBXFileReference; lastKnownFileType = wrapper.framework; name = Foundation.framework; path = System/Library/Frameworks/Foundation.framework; sourceTree = SDKROOT; };
		69FE02A618CD367900608133 /* Game Frame-Info.plist */ = {isa = PBXFileReference; lastKnownFileType = text.plist.xml; path = "Game Frame-Info.plist"; sourceTree = "<group>"; };
		69FE02A818CD367900608133 /* en */ = {isa = PBXFileReference; lastKnownFileType = text.plist.strings; name = en; path = en.lproj/InfoPlist.strings; sourceTree = "<group>"; };
		69FE02AA18CD367900608133 /* main.m */ = {isa = PBXFileReference; lastKnownFileType = sourcecode.c.objc; path = main.m; sourceTree = "<group>"; };
		69FE02AC18CD367900608133 /* Game Frame-Prefix.pch */ = {isa = PBXFileReference; lastKnownFileType = sourcecode.c.h; path = "Game Frame-Prefix.pch"; sourceTree = "<group>"; };
		69FE02B018CD367900608133 /* AppDelegate.h */ = {isa = PBXFileReference; lastKnownFileType = sourcecode.c.h; path = AppDelegate.h; sourceTree = "<group>"; };
		69FE02B118CD367900608133 /* AppDelegate.m */ = {isa = PBXFileReference; lastKnownFileType = sourcecode.c.objc; path = AppDelegate.m; sourceTree = "<group>"; };
		69FE02B418CD367900608133 /* Base */ = {isa = PBXFileReference; lastKnownFileType = file.xib; name = Base; path = Base.lproj/MainMenu.xib; sourceTree = "<group>"; };
		69FE02D218CD369900608133 /* View.h */ = {isa = PBXFileReference; fileEncoding = 4; lastKnownFileType = sourcecode.c.h; path = View.h; sourceTree = "<group>"; };
		69FE02D318CD369900608133 /* View.m */ = {isa = PBXFileReference; fileEncoding = 4; lastKnownFileType = sourcecode.c.objc; path = View.m; sourceTree = "<group>"; };
		69FE031818CD3CD900608133 /* WindowController.h */ = {isa = PBXFileReference; fileEncoding = 4; lastKnownFileType = sourcecode.c.h; path = WindowController.h; sourceTree = "<group>"; };
		69FE031918CD3CD900608133 /* WindowController.m */ = {isa = PBXFileReference; fileEncoding = 4; lastKnownFileType = sourcecode.c.objc; path = WindowController.m; sourceTree = "<group>"; };
		69FE031B18CD3CEC00608133 /* Window.xib */ = {isa = PBXFileReference; fileEncoding = 4; lastKnownFileType = file.xib; path = Window.xib; sourceTree = "<group>"; };
		69FE031D18CD44D100608133 /* Util.h */ = {isa = PBXFileReference; fileEncoding = 4; lastKnownFileType = sourcecode.c.h; path = Util.h; sourceTree = "<group>"; };
		69FE031E18CD44D100608133 /* Util.m */ = {isa = PBXFileReference; fileEncoding = 4; lastKnownFileType = sourcecode.c.objc; path = Util.m; sourceTree = "<group>"; };
		69FE034118CD4BC000608133 /* Watcher.h */ = {isa = PBXFileReference; fileEncoding = 4; lastKnownFileType = sourcecode.c.h; path = Watcher.h; sourceTree = "<group>"; };
		69FE034218CD4BC000608133 /* Watcher.m */ = {isa = PBXFileReference; fileEncoding = 4; lastKnownFileType = sourcecode.c.objc; path = Watcher.m; sourceTree = "<group>"; };
		69FE034418CD4F4E00608133 /* CoreServices.framework */ = {isa = PBXFileReference; lastKnownFileType = wrapper.framework; name = CoreServices.framework; path = System/Library/Frameworks/CoreServices.framework; sourceTree = SDKROOT; };
/* End PBXFileReference section */

/* Begin PBXFrameworksBuildPhase section */
		69FE029818CD367900608133 /* Frameworks */ = {
			isa = PBXFrameworksBuildPhase;
			buildActionMask = 2147483647;
			files = (
				69FE034518CD4F4E00608133 /* CoreServices.framework in Frameworks */,
				69FE029F18CD367900608133 /* Cocoa.framework in Frameworks */,
			);
			runOnlyForDeploymentPostprocessing = 0;
		};
/* End PBXFrameworksBuildPhase section */

/* Begin PBXGroup section */
		6922EA1718CE47D900971641 /* Resources */ = {
			isa = PBXGroup;
			children = (
				69E2DBBA18CFEC1D00C6AF0F /* frame.png */,
				6922EA1818CE47D900971641 /* mask.png */,
			);
			path = Resources;
			sourceTree = "<group>";
		};
		69FE029218CD367900608133 = {
			isa = PBXGroup;
			children = (
				6922EA1E18CE538600971641 /* Icon.icns */,
				69FE02A418CD367900608133 /* Game Frame */,
				69FE029D18CD367900608133 /* Frameworks */,
				69FE029C18CD367900608133 /* Products */,
			);
			sourceTree = "<group>";
		};
		69FE029C18CD367900608133 /* Products */ = {
			isa = PBXGroup;
			children = (
				69FE029B18CD367900608133 /* Game Frame.app */,
			);
			name = Products;
			sourceTree = "<group>";
		};
		69FE029D18CD367900608133 /* Frameworks */ = {
			isa = PBXGroup;
			children = (
				69FE034418CD4F4E00608133 /* CoreServices.framework */,
				69FE029E18CD367900608133 /* Cocoa.framework */,
				69FE02A018CD367900608133 /* Other Frameworks */,
			);
			name = Frameworks;
			sourceTree = "<group>";
		};
		69FE02A018CD367900608133 /* Other Frameworks */ = {
			isa = PBXGroup;
			children = (
				69FE02A118CD367900608133 /* AppKit.framework */,
				69FE02A218CD367900608133 /* CoreData.framework */,
				69FE02A318CD367900608133 /* Foundation.framework */,
			);
			name = "Other Frameworks";
			sourceTree = "<group>";
		};
		69FE02A418CD367900608133 /* Game Frame */ = {
			isa = PBXGroup;
			children = (
				69FE02B018CD367900608133 /* AppDelegate.h */,
				69FE02B118CD367900608133 /* AppDelegate.m */,
				69FE02B318CD367900608133 /* MainMenu.xib */,
				6922EA1718CE47D900971641 /* Resources */,
				69FE02A518CD367900608133 /* Supporting Files */,
				69FE031D18CD44D100608133 /* Util.h */,
				69FE031E18CD44D100608133 /* Util.m */,
				69FE02D218CD369900608133 /* View.h */,
				69FE02D318CD369900608133 /* View.m */,
				69FE034118CD4BC000608133 /* Watcher.h */,
				69FE034218CD4BC000608133 /* Watcher.m */,
				69FE031B18CD3CEC00608133 /* Window.xib */,
				69FE031818CD3CD900608133 /* WindowController.h */,
				69FE031918CD3CD900608133 /* WindowController.m */,
			);
			path = "Game Frame";
			sourceTree = "<group>";
		};
		69FE02A518CD367900608133 /* Supporting Files */ = {
			isa = PBXGroup;
			children = (
				69FE02A618CD367900608133 /* Game Frame-Info.plist */,
				69FE02A718CD367900608133 /* InfoPlist.strings */,
				69FE02AA18CD367900608133 /* main.m */,
				69FE02AC18CD367900608133 /* Game Frame-Prefix.pch */,
			);
			name = "Supporting Files";
			sourceTree = "<group>";
		};
/* End PBXGroup section */

/* Begin PBXNativeTarget section */
		69FE029A18CD367900608133 /* Game Frame */ = {
			isa = PBXNativeTarget;
			buildConfigurationList = 69FE02CC18CD367A00608133 /* Build configuration list for PBXNativeTarget "Game Frame" */;
			buildPhases = (
				69FE029718CD367900608133 /* Sources */,
				69FE029818CD367900608133 /* Frameworks */,
				69FE029918CD367900608133 /* Resources */,
			);
			buildRules = (
			);
			dependencies = (
			);
			name = "Game Frame";
			productName = "Game Frame";
			productReference = 69FE029B18CD367900608133 /* Game Frame.app */;
			productType = "com.apple.product-type.application";
		};
/* End PBXNativeTarget section */

/* Begin PBXProject section */
		69FE029318CD367900608133 /* Project object */ = {
			isa = PBXProject;
			attributes = {
				LastUpgradeCheck = 0500;
				ORGANIZATIONNAME = "Michael Fogleman";
				TargetAttributes = {
					69FE029A18CD367900608133 = {
						DevelopmentTeam = KZZ8LRJP2K;
						SystemCapabilities = {
							com.apple.Sandbox = {
								enabled = 0;
							};
						};
					};
				};
			};
			buildConfigurationList = 69FE029618CD367900608133 /* Build configuration list for PBXProject "Game Frame" */;
			compatibilityVersion = "Xcode 3.2";
			developmentRegion = English;
			hasScannedForEncodings = 0;
			knownRegions = (
				en,
				Base,
			);
			mainGroup = 69FE029218CD367900608133;
			productRefGroup = 69FE029C18CD367900608133 /* Products */;
			projectDirPath = "";
			projectRoot = "";
			targets = (
				69FE029A18CD367900608133 /* Game Frame */,
			);
		};
/* End PBXProject section */

/* Begin PBXResourcesBuildPhase section */
		69FE029918CD367900608133 /* Resources */ = {
			isa = PBXResourcesBuildPhase;
			buildActionMask = 2147483647;
			files = (
				69FE02A918CD367900608133 /* InfoPlist.strings in Resources */,
				69FE031C18CD3CEC00608133 /* Window.xib in Resources */,
				6922EA1F18CE538600971641 /* Icon.icns in Resources */,
				69FE02B518CD367900608133 /* MainMenu.xib in Resources */,
				6922EA1918CE47D900971641 /* mask.png in Resources */,
				69E2DBBB18CFEC1D00C6AF0F /* frame.png in Resources */,
			);
			runOnlyForDeploymentPostprocessing = 0;
		};
/* End PBXResourcesBuildPhase section */

/* Begin PBXSourcesBuildPhase section */
		69FE029718CD367900608133 /* Sources */ = {
			isa = PBXSourcesBuildPhase;
			buildActionMask = 2147483647;
			files = (
				69FE034318CD4BC000608133 /* Watcher.m in Sources */,
				69FE031F18CD44D100608133 /* Util.m in Sources */,
				69FE02B218CD367900608133 /* AppDelegate.m in Sources */,
				69FE031A18CD3CD900608133 /* WindowController.m in Sources */,
				69FE02AB18CD367900608133 /* main.m in Sources */,
				69FE02D418CD369900608133 /* View.m in Sources */,
			);
			runOnlyForDeploymentPostprocessing = 0;
		};
/* End PBXSourcesBuildPhase section */

/* Begin PBXVariantGroup section */
		69FE02A718CD367900608133 /* InfoPlist.strings */ = {
			isa = PBXVariantGroup;
			children = (
				69FE02A818CD367900608133 /* en */,
			);
			name = InfoPlist.strings;
			sourceTree = "<group>";
		};
		69FE02B318CD367900608133 /* MainMenu.xib */ = {
			isa = PBXVariantGroup;
			children = (
				69FE02B418CD367900608133 /* Base */,
			);
			name = MainMenu.xib;
			sourceTree = "<group>";
		};
/* End PBXVariantGroup section */

/* Begin XCBuildConfiguration section */
		69FE02CA18CD367A00608133 /* Debug */ = {
			isa = XCBuildConfiguration;
			buildSettings = {
				ALWAYS_SEARCH_USER_PATHS = NO;
				CLANG_CXX_LANGUAGE_STANDARD = "gnu++0x";
				CLANG_CXX_LIBRARY = "libc++";
				CLANG_ENABLE_OBJC_ARC = YES;
				CLANG_WARN_BOOL_CONVERSION = YES;
				CLANG_WARN_CONSTANT_CONVERSION = YES;
				CLANG_WARN_DIRECT_OBJC_ISA_USAGE = YES_ERROR;
				CLANG_WARN_EMPTY_BODY = YES;
				CLANG_WARN_ENUM_CONVERSION = YES;
				CLANG_WARN_INT_CONVERSION = YES;
				CLANG_WARN_OBJC_ROOT_CLASS = YES_ERROR;
				CLANG_WARN__DUPLICATE_METHOD_MATCH = YES;
				COPY_PHASE_STRIP = NO;
				GCC_C_LANGUAGE_STANDARD = gnu99;
				GCC_DYNAMIC_NO_PIC = NO;
				GCC_ENABLE_OBJC_EXCEPTIONS = YES;
				GCC_OPTIMIZATION_LEVEL = 0;
				GCC_PREPROCESSOR_DEFINITIONS = (
					"DEBUG=1",
					"$(inherited)",
				);
				GCC_SYMBOLS_PRIVATE_EXTERN = NO;
				GCC_WARN_64_TO_32_BIT_CONVERSION = YES;
				GCC_WARN_ABOUT_RETURN_TYPE = YES_ERROR;
				GCC_WARN_UNDECLARED_SELECTOR = YES;
				GCC_WARN_UNINITIALIZED_AUTOS = YES;
				GCC_WARN_UNUSED_FUNCTION = YES;
				GCC_WARN_UNUSED_VARIABLE = YES;
				MACOSX_DEPLOYMENT_TARGET = 10.8;
				ONLY_ACTIVE_ARCH = YES;
				SDKROOT = macosx;
			};
			name = Debug;
		};
		69FE02CB18CD367A00608133 /* Release */ = {
			isa = XCBuildConfiguration;
			buildSettings = {
				ALWAYS_SEARCH_USER_PATHS = NO;
				CLANG_CXX_LANGUAGE_STANDARD = "gnu++0x";
				CLANG_CXX_LIBRARY = "libc++";
				CLANG_ENABLE_OBJC_ARC = YES;
				CLANG_WARN_BOOL_CONVERSION = YES;
				CLANG_WARN_CONSTANT_CONVERSION = YES;
				CLANG_WARN_DIRECT_OBJC_ISA_USAGE = YES_ERROR;
				CLANG_WARN_EMPTY_BODY = YES;
				CLANG_WARN_ENUM_CONVERSION = YES;
				CLANG_WARN_INT_CONVERSION = YES;
				CLANG_WARN_OBJC_ROOT_CLASS = YES_ERROR;
				CLANG_WARN__DUPLICATE_METHOD_MATCH = YES;
				COPY_PHASE_STRIP = YES;
				DEBUG_INFORMATION_FORMAT = "dwarf-with-dsym";
				ENABLE_NS_ASSERTIONS = NO;
				GCC_C_LANGUAGE_STANDARD = gnu99;
				GCC_ENABLE_OBJC_EXCEPTIONS = YES;
				GCC_WARN_64_TO_32_BIT_CONVERSION = YES;
				GCC_WARN_ABOUT_RETURN_TYPE = YES_ERROR;
				GCC_WARN_UNDECLARED_SELECTOR = YES;
				GCC_WARN_UNINITIALIZED_AUTOS = YES;
				GCC_WARN_UNUSED_FUNCTION = YES;
				GCC_WARN_UNUSED_VARIABLE = YES;
				MACOSX_DEPLOYMENT_TARGET = 10.8;
				SDKROOT = macosx;
			};
			name = Release;
		};
		69FE02CD18CD367A00608133 /* Debug */ = {
			isa = XCBuildConfiguration;
			buildSettings = {
				CODE_SIGN_IDENTITY = "Mac Developer";
				"CODE_SIGN_IDENTITY[sdk=macosx*]" = "Mac Developer";
				COMBINE_HIDPI_IMAGES = YES;
				GCC_PRECOMPILE_PREFIX_HEADER = YES;
				GCC_PREFIX_HEADER = "Game Frame/Game Frame-Prefix.pch";
				INFOPLIST_FILE = "Game Frame/Game Frame-Info.plist";
				PRODUCT_NAME = "$(TARGET_NAME)";
				PROVISIONING_PROFILE = "";
				WRAPPER_EXTENSION = app;
			};
			name = Debug;
		};
		69FE02CE18CD367A00608133 /* Release */ = {
			isa = XCBuildConfiguration;
			buildSettings = {
				CODE_SIGN_IDENTITY = "Mac Developer";
				"CODE_SIGN_IDENTITY[sdk=macosx*]" = "Mac Developer";
				COMBINE_HIDPI_IMAGES = YES;
				GCC_PRECOMPILE_PREFIX_HEADER = YES;
				GCC_PREFIX_HEADER = "Game Frame/Game Frame-Prefix.pch";
				INFOPLIST_FILE = "Game Frame/Game Frame-Info.plist";
				PRODUCT_NAME = "$(TARGET_NAME)";
				PROVISIONING_PROFILE = "";
				WRAPPER_EXTENSION = app;
			};
			name = Release;
		};
/* End XCBuildConfiguration section */

/* Begin XCConfigurationList section */
		69FE029618CD367900608133 /* Build configuration list for PBXProject "Game Frame" */ = {
			isa = XCConfigurationList;
			buildConfigurations = (
				69FE02CA18CD367A00608133 /* Debug */,
				69FE02CB18CD367A00608133 /* Release */,
			);
			defaultConfigurationIsVisible = 0;
			defaultConfigurationName = Release;
		};
		69FE02CC18CD367A00608133 /* Build configuration list for PBXNativeTarget "Game Frame" */ = {
			isa = XCConfigurationList;
			buildConfigurations = (
				69FE02CD18CD367A00608133 /* Debug */,
				69FE02CE18CD367A00608133 /* Release */,
			);
			defaultConfigurationIsVisible = 0;
			defaultConfigurationName = Release;
		};
/* End XCConfigurationList section */
	};
	rootObject = 69FE029318CD367900608133 /* Project object */;
}
